// !$*UTF8*$!
{
	archiveVersion = 1;
	classes = {
	};
	objectVersion = 50;
	objects = {

/* Begin PBXBuildFile section */
		1E41EC63253252D8005FF665 /* AppDelegate.swift in Sources */ = {isa = PBXBuildFile; fileRef = 1E41EC62253252D8005FF665 /* AppDelegate.swift */; };
		1E41EC65253252D8005FF665 /* SceneDelegate.swift in Sources */ = {isa = PBXBuildFile; fileRef = 1E41EC64253252D8005FF665 /* SceneDelegate.swift */; };
		1E41EC67253252D8005FF665 /* ViewController.swift in Sources */ = {isa = PBXBuildFile; fileRef = 1E41EC66253252D8005FF665 /* ViewController.swift */; };
		1E41EC6A253252D8005FF665 /* Main.storyboard in Resources */ = {isa = PBXBuildFile; fileRef = 1E41EC68253252D8005FF665 /* Main.storyboard */; };
		1E41EC6C253252E7005FF665 /* Assets.xcassets in Resources */ = {isa = PBXBuildFile; fileRef = 1E41EC6B253252E7005FF665 /* Assets.xcassets */; };
		1E41EC6F253252E7005FF665 /* LaunchScreen.storyboard in Resources */ = {isa = PBXBuildFile; fileRef = 1E41EC6D253252E7005FF665 /* LaunchScreen.storyboard */; };
		1E41EC7A253252E8005FF665 /* tipTests.swift in Sources */ = {isa = PBXBuildFile; fileRef = 1E41EC79253252E8005FF665 /* tipTests.swift */; };
		1E41EC85253252E8005FF665 /* tipUITests.swift in Sources */ = {isa = PBXBuildFile; fileRef = 1E41EC84253252E8005FF665 /* tipUITests.swift */; };
/* End PBXBuildFile section */

/* Begin PBXContainerItemProxy section */
		1E41EC76253252E7005FF665 /* PBXContainerItemProxy */ = {
			isa = PBXContainerItemProxy;
			containerPortal = 1E41EC57253252D8005FF665 /* Project object */;
			proxyType = 1;
			remoteGlobalIDString = 1E41EC5E253252D8005FF665;
			remoteInfo = tip;
		};
		1E41EC81253252E8005FF665 /* PBXContainerItemProxy */ = {
			isa = PBXContainerItemProxy;
			containerPortal = 1E41EC57253252D8005FF665 /* Project object */;
			proxyType = 1;
			remoteGlobalIDString = 1E41EC5E253252D8005FF665;
			remoteInfo = tip;
		};
/* End PBXContainerItemProxy section */

/* Begin PBXFileReference section */
		1E41EC5F253252D8005FF665 /* tip.app */ = {isa = PBXFileReference; explicitFileType = wrapper.application; includeInIndex = 0; path = tip.app; sourceTree = BUILT_PRODUCTS_DIR; };
		1E41EC62253252D8005FF665 /* AppDelegate.swift */ = {isa = PBXFileReference; lastKnownFileType = sourcecode.swift; path = AppDelegate.swift; sourceTree = "<group>"; };
		1E41EC64253252D8005FF665 /* SceneDelegate.swift */ = {isa = PBXFileReference; lastKnownFileType = sourcecode.swift; path = SceneDelegate.swift; sourceTree = "<group>"; };
		1E41EC66253252D8005FF665 /* ViewController.swift */ = {isa = PBXFileReference; lastKnownFileType = sourcecode.swift; path = ViewController.swift; sourceTree = "<group>"; };
		1E41EC69253252D8005FF665 /* Base */ = {isa = PBXFileReference; lastKnownFileType = file.storyboard; name = Base; path = Base.lproj/Main.storyboard; sourceTree = "<group>"; };
		1E41EC6B253252E7005FF665 /* Assets.xcassets */ = {isa = PBXFileReference; lastKnownFileType = folder.assetcatalog; path = Assets.xcassets; sourceTree = "<group>"; };
		1E41EC6E253252E7005FF665 /* Base */ = {isa = PBXFileReference; lastKnownFileType = file.storyboard; name = Base; path = Base.lproj/LaunchScreen.storyboard; sourceTree = "<group>"; };
		1E41EC70253252E7005FF665 /* Info.plist */ = {isa = PBXFileReference; lastKnownFileType = text.plist.xml; path = Info.plist; sourceTree = "<group>"; };
		1E41EC75253252E7005FF665 /* tipTests.xctest */ = {isa = PBXFileReference; explicitFileType = wrapper.cfbundle; includeInIndex = 0; path = tipTests.xctest; sourceTree = BUILT_PRODUCTS_DIR; };
		1E41EC79253252E8005FF665 /* tipTests.swift */ = {isa = PBXFileReference; lastKnownFileType = sourcecode.swift; path = tipTests.swift; sourceTree = "<group>"; };
		1E41EC7B253252E8005FF665 /* Info.plist */ = {isa = PBXFileReference; lastKnownFileType = text.plist.xml; path = Info.plist; sourceTree = "<group>"; };
		1E41EC80253252E8005FF665 /* tipUITests.xctest */ = {isa = PBXFileReference; explicitFileType = wrapper.cfbundle; includeInIndex = 0; path = tipUITests.xctest; sourceTree = BUILT_PRODUCTS_DIR; };
		1E41EC84253252E8005FF665 /* tipUITests.swift */ = {isa = PBXFileReference; lastKnownFileType = sourcecode.swift; path = tipUITests.swift; sourceTree = "<group>"; };
		1E41EC86253252E8005FF665 /* Info.plist */ = {isa = PBXFileReference; lastKnownFileType = text.plist.xml; path = Info.plist; sourceTree = "<group>"; };
/* End PBXFileReference section */

/* Begin PBXFrameworksBuildPhase section */
		1E41EC5C253252D8005FF665 /* Frameworks */ = {
			isa = PBXFrameworksBuildPhase;
			buildActionMask = 2147483647;
			files = (
			);
			runOnlyForDeploymentPostprocessing = 0;
		};
		1E41EC72253252E7005FF665 /* Frameworks */ = {
			isa = PBXFrameworksBuildPhase;
			buildActionMask = 2147483647;
			files = (
			);
			runOnlyForDeploymentPostprocessing = 0;
		};
		1E41EC7D253252E8005FF665 /* Frameworks */ = {
			isa = PBXFrameworksBuildPhase;
			buildActionMask = 2147483647;
			files = (
			);
			runOnlyForDeploymentPostprocessing = 0;
		};
/* End PBXFrameworksBuildPhase section */

/* Begin PBXGroup section */
		1E41EC56253252D8005FF665 = {
			isa = PBXGroup;
			children = (
				1E41EC61253252D8005FF665 /* tip */,
				1E41EC78253252E7005FF665 /* tipTests */,
				1E41EC83253252E8005FF665 /* tipUITests */,
				1E41EC60253252D8005FF665 /* Products */,
			);
			sourceTree = "<group>";
		};
		1E41EC60253252D8005FF665 /* Products */ = {
			isa = PBXGroup;
			children = (
				1E41EC5F253252D8005FF665 /* tip.app */,
				1E41EC75253252E7005FF665 /* tipTests.xctest */,
				1E41EC80253252E8005FF665 /* tipUITests.xctest */,
			);
			name = Products;
			sourceTree = "<group>";
		};
		1E41EC61253252D8005FF665 /* tip */ = {
			isa = PBXGroup;
			children = (
				1E41EC62253252D8005FF665 /* AppDelegate.swift */,
				1E41EC64253252D8005FF665 /* SceneDelegate.swift */,
				1E41EC66253252D8005FF665 /* ViewController.swift */,
				1E41EC68253252D8005FF665 /* Main.storyboard */,
				1E41EC6B253252E7005FF665 /* Assets.xcassets */,
				1E41EC6D253252E7005FF665 /* LaunchScreen.storyboard */,
				1E41EC70253252E7005FF665 /* Info.plist */,
			);
			path = tip;
			sourceTree = "<group>";
		};
		1E41EC78253252E7005FF665 /* tipTests */ = {
			isa = PBXGroup;
			children = (
				1E41EC79253252E8005FF665 /* tipTests.swift */,
				1E41EC7B253252E8005FF665 /* Info.plist */,
			);
			path = tipTests;
			sourceTree = "<group>";
		};
		1E41EC83253252E8005FF665 /* tipUITests */ = {
			isa = PBXGroup;
			children = (
				1E41EC84253252E8005FF665 /* tipUITests.swift */,
				1E41EC86253252E8005FF665 /* Info.plist */,
			);
			path = tipUITests;
			sourceTree = "<group>";
		};
/* End PBXGroup section */

/* Begin PBXNativeTarget section */
		1E41EC5E253252D8005FF665 /* tip */ = {
			isa = PBXNativeTarget;
			buildConfigurationList = 1E41EC89253252E8005FF665 /* Build configuration list for PBXNativeTarget "tip" */;
			buildPhases = (
				1E41EC5B253252D8005FF665 /* Sources */,
				1E41EC5C253252D8005FF665 /* Frameworks */,
				1E41EC5D253252D8005FF665 /* Resources */,
			);
			buildRules = (
			);
			dependencies = (
			);
			name = tip;
			productName = tip;
			productReference = 1E41EC5F253252D8005FF665 /* tip.app */;
			productType = "com.apple.product-type.application";
		};
		1E41EC74253252E7005FF665 /* tipTests */ = {
			isa = PBXNativeTarget;
			buildConfigurationList = 1E41EC8C253252E8005FF665 /* Build configuration list for PBXNativeTarget "tipTests" */;
			buildPhases = (
				1E41EC71253252E7005FF665 /* Sources */,
				1E41EC72253252E7005FF665 /* Frameworks */,
				1E41EC73253252E7005FF665 /* Resources */,
			);
			buildRules = (
			);
			dependencies = (
				1E41EC77253252E7005FF665 /* PBXTargetDependency */,
			);
			name = tipTests;
			productName = tipTests;
			productReference = 1E41EC75253252E7005FF665 /* tipTests.xctest */;
			productType = "com.apple.product-type.bundle.unit-test";
		};
		1E41EC7F253252E8005FF665 /* tipUITests */ = {
			isa = PBXNativeTarget;
			buildConfigurationList = 1E41EC8F253252E8005FF665 /* Build configuration list for PBXNativeTarget "tipUITests" */;
			buildPhases = (
				1E41EC7C253252E8005FF665 /* Sources */,
				1E41EC7D253252E8005FF665 /* Frameworks */,
				1E41EC7E253252E8005FF665 /* Resources */,
			);
			buildRules = (
			);
			dependencies = (
				1E41EC82253252E8005FF665 /* PBXTargetDependency */,
			);
			name = tipUITests;
			productName = tipUITests;
			productReference = 1E41EC80253252E8005FF665 /* tipUITests.xctest */;
			productType = "com.apple.product-type.bundle.ui-testing";
		};
/* End PBXNativeTarget section */

/* Begin PBXProject section */
		1E41EC57253252D8005FF665 /* Project object */ = {
			isa = PBXProject;
			attributes = {
				LastSwiftUpdateCheck = 1130;
				LastUpgradeCheck = 1130;
				ORGANIZATIONNAME = Codepath;
				TargetAttributes = {
					1E41EC5E253252D8005FF665 = {
						CreatedOnToolsVersion = 11.3;
					};
					1E41EC74253252E7005FF665 = {
						CreatedOnToolsVersion = 11.3;
						TestTargetID = 1E41EC5E253252D8005FF665;
					};
					1E41EC7F253252E8005FF665 = {
						CreatedOnToolsVersion = 11.3;
						TestTargetID = 1E41EC5E253252D8005FF665;
					};
				};
			};
			buildConfigurationList = 1E41EC5A253252D8005FF665 /* Build configuration list for PBXProject "tip" */;
			compatibilityVersion = "Xcode 9.3";
			developmentRegion = en;
			hasScannedForEncodings = 0;
			knownRegions = (
				en,
				Base,
			);
			mainGroup = 1E41EC56253252D8005FF665;
			productRefGroup = 1E41EC60253252D8005FF665 /* Products */;
			projectDirPath = "";
			projectRoot = "";
			targets = (
				1E41EC5E253252D8005FF665 /* tip */,
				1E41EC74253252E7005FF665 /* tipTests */,
				1E41EC7F253252E8005FF665 /* tipUITests */,
			);
		};
/* End PBXProject section */

/* Begin PBXResourcesBuildPhase section */
		1E41EC5D253252D8005FF665 /* Resources */ = {
			isa = PBXResourcesBuildPhase;
			buildActionMask = 2147483647;
			files = (
				1E41EC6F253252E7005FF665 /* LaunchScreen.storyboard in Resources */,
				1E41EC6C253252E7005FF665 /* Assets.xcassets in Resources */,
				1E41EC6A253252D8005FF665 /* Main.storyboard in Resources */,
			);
			runOnlyForDeploymentPostprocessing = 0;
		};
		1E41EC73253252E7005FF665 /* Resources */ = {
			isa = PBXResourcesBuildPhase;
			buildActionMask = 2147483647;
			files = (
			);
			runOnlyForDeploymentPostprocessing = 0;
		};
		1E41EC7E253252E8005FF665 /* Resources */ = {
			isa = PBXResourcesBuildPhase;
			buildActionMask = 2147483647;
			files = (
			);
			runOnlyForDeploymentPostprocessing = 0;
		};
/* End PBXResourcesBuildPhase section */

/* Begin PBXSourcesBuildPhase section */
		1E41EC5B253252D8005FF665 /* Sources */ = {
			isa = PBXSourcesBuildPhase;
			buildActionMask = 2147483647;
			files = (
				1E41EC67253252D8005FF665 /* ViewController.swift in Sources */,
				1E41EC63253252D8005FF665 /* AppDelegate.swift in Sources */,
				1E41EC65253252D8005FF665 /* SceneDelegate.swift in Sources */,
			);
			runOnlyForDeploymentPostprocessing = 0;
		};
		1E41EC71253252E7005FF665 /* Sources */ = {
			isa = PBXSourcesBuildPhase;
			buildActionMask = 2147483647;
			files = (
				1E41EC7A253252E8005FF665 /* tipTests.swift in Sources */,
			);
			runOnlyForDeploymentPostprocessing = 0;
		};
		1E41EC7C253252E8005FF665 /* Sources */ = {
			isa = PBXSourcesBuildPhase;
			buildActionMask = 2147483647;
			files = (
				1E41EC85253252E8005FF665 /* tipUITests.swift in Sources */,
			);
			runOnlyForDeploymentPostprocessing = 0;
		};
/* End PBXSourcesBuildPhase section */

/* Begin PBXTargetDependency section */
		1E41EC77253252E7005FF665 /* PBXTargetDependency */ = {
			isa = PBXTargetDependency;
			target = 1E41EC5E253252D8005FF665 /* tip */;
			targetProxy = 1E41EC76253252E7005FF665 /* PBXContainerItemProxy */;
		};
		1E41EC82253252E8005FF665 /* PBXTargetDependency */ = {
			isa = PBXTargetDependency;
			target = 1E41EC5E253252D8005FF665 /* tip */;
			targetProxy = 1E41EC81253252E8005FF665 /* PBXContainerItemProxy */;
		};
/* End PBXTargetDependency section */

/* Begin PBXVariantGroup section */
		1E41EC68253252D8005FF665 /* Main.storyboard */ = {
			isa = PBXVariantGroup;
			children = (
				1E41EC69253252D8005FF665 /* Base */,
			);
			name = Main.storyboard;
			sourceTree = "<group>";
		};
		1E41EC6D253252E7005FF665 /* LaunchScreen.storyboard */ = {
			isa = PBXVariantGroup;
			children = (
				1E41EC6E253252E7005FF665 /* Base */,
			);
			name = LaunchScreen.storyboard;
			sourceTree = "<group>";
		};
/* End PBXVariantGroup section */

/* Begin XCBuildConfiguration section */
		1E41EC87253252E8005FF665 /* Debug */ = {
			isa = XCBuildConfiguration;
			buildSettings = {
				ALWAYS_SEARCH_USER_PATHS = NO;
				CLANG_ANALYZER_NONNULL = YES;
				CLANG_ANALYZER_NUMBER_OBJECT_CONVERSION = YES_AGGRESSIVE;
				CLANG_CXX_LANGUAGE_STANDARD = "gnu++14";
				CLANG_CXX_LIBRARY = "libc++";
				CLANG_ENABLE_MODULES = YES;
				CLANG_ENABLE_OBJC_ARC = YES;
				CLANG_ENABLE_OBJC_WEAK = YES;
				CLANG_WARN_BLOCK_CAPTURE_AUTORELEASING = YES;
				CLANG_WARN_BOOL_CONVERSION = YES;
				CLANG_WARN_COMMA = YES;
				CLANG_WARN_CONSTANT_CONVERSION = YES;
				CLANG_WARN_DEPRECATED_OBJC_IMPLEMENTATIONS = YES;
				CLANG_WARN_DIRECT_OBJC_ISA_USAGE = YES_ERROR;
				CLANG_WARN_DOCUMENTATION_COMMENTS = YES;
				CLANG_WARN_EMPTY_BODY = YES;
				CLANG_WARN_ENUM_CONVERSION = YES;
				CLANG_WARN_INFINITE_RECURSION = YES;
				CLANG_WARN_INT_CONVERSION = YES;
				CLANG_WARN_NON_LITERAL_NULL_CONVERSION = YES;
				CLANG_WARN_OBJC_IMPLICIT_RETAIN_SELF = YES;
				CLANG_WARN_OBJC_LITERAL_CONVERSION = YES;
				CLANG_WARN_OBJC_ROOT_CLASS = YES_ERROR;
				CLANG_WARN_RANGE_LOOP_ANALYSIS = YES;
				CLANG_WARN_STRICT_PROTOTYPES = YES;
				CLANG_WARN_SUSPICIOUS_MOVE = YES;
				CLANG_WARN_UNGUARDED_AVAILABILITY = YES_AGGRESSIVE;
				CLANG_WARN_UNREACHABLE_CODE = YES;
				CLANG_WARN__DUPLICATE_METHOD_MATCH = YES;
				COPY_PHASE_STRIP = NO;
				DEBUG_INFORMATION_FORMAT = dwarf;
				ENABLE_STRICT_OBJC_MSGSEND = YES;
				ENABLE_TESTABILITY = YES;
				GCC_C_LANGUAGE_STANDARD = gnu11;
				GCC_DYNAMIC_NO_PIC = NO;
				GCC_NO_COMMON_BLOCKS = YES;
				GCC_OPTIMIZATION_LEVEL = 0;
				GCC_PREPROCESSOR_DEFINITIONS = (
					"DEBUG=1",
					"$(inherited)",
				);
				GCC_WARN_64_TO_32_BIT_CONVERSION = YES;
				GCC_WARN_ABOUT_RETURN_TYPE = YES_ERROR;
				GCC_WARN_UNDECLARED_SELECTOR = YES;
				GCC_WARN_UNINITIALIZED_AUTOS = YES_AGGRESSIVE;
				GCC_WARN_UNUSED_FUNCTION = YES;
				GCC_WARN_UNUSED_VARIABLE = YES;
				IPHONEOS_DEPLOYMENT_TARGET = 13.2;
				MTL_ENABLE_DEBUG_INFO = INCLUDE_SOURCE;
				MTL_FAST_MATH = YES;
				ONLY_ACTIVE_ARCH = YES;
				SDKROOT = iphoneos;
				SWIFT_ACTIVE_COMPILATION_CONDITIONS = DEBUG;
				SWIFT_OPTIMIZATION_LEVEL = "-Onone";
			};
			name = Debug;
		};
		1E41EC88253252E8005FF665 /* Release */ = {
			isa = XCBuildConfiguration;
			buildSettings = {
				ALWAYS_SEARCH_USER_PATHS = NO;
				CLANG_ANALYZER_NONNULL = YES;
				CLANG_ANALYZER_NUMBER_OBJECT_CONVERSION = YES_AGGRESSIVE;
				CLANG_CXX_LANGUAGE_STANDARD = "gnu++14";
				CLANG_CXX_LIBRARY = "libc++";
				CLANG_ENABLE_MODULES = YES;
				CLANG_ENABLE_OBJC_ARC = YES;
				CLANG_ENABLE_OBJC_WEAK = YES;
				CLANG_WARN_BLOCK_CAPTURE_AUTORELEASING = YES;
				CLANG_WARN_BOOL_CONVERSION = YES;
				CLANG_WARN_COMMA = YES;
				CLANG_WARN_CONSTANT_CONVERSION = YES;
				CLANG_WARN_DEPRECATED_OBJC_IMPLEMENTATIONS = YES;
				CLANG_WARN_DIRECT_OBJC_ISA_USAGE = YES_ERROR;
				CLANG_WARN_DOCUMENTATION_COMMENTS = YES;
				CLANG_WARN_EMPTY_BODY = YES;
				CLANG_WARN_ENUM_CONVERSION = YES;
				CLANG_WARN_INFINITE_RECURSION = YES;
				CLANG_WARN_INT_CONVERSION = YES;
				CLANG_WARN_NON_LITERAL_NULL_CONVERSION = YES;
				CLANG_WARN_OBJC_IMPLICIT_RETAIN_SELF = YES;
				CLANG_WARN_OBJC_LITERAL_CONVERSION = YES;
				CLANG_WARN_OBJC_ROOT_CLASS = YES_ERROR;
				CLANG_WARN_RANGE_LOOP_ANALYSIS = YES;
				CLANG_WARN_STRICT_PROTOTYPES = YES;
				CLANG_WARN_SUSPICIOUS_MOVE = YES;
				CLANG_WARN_UNGUARDED_AVAILABILITY = YES_AGGRESSIVE;
				CLANG_WARN_UNREACHABLE_CODE = YES;
				CLANG_WARN__DUPLICATE_METHOD_MATCH = YES;
				COPY_PHASE_STRIP = NO;
				DEBUG_INFORMATION_FORMAT = "dwarf-with-dsym";
				ENABLE_NS_ASSERTIONS = NO;
				ENABLE_STRICT_OBJC_MSGSEND = YES;
				GCC_C_LANGUAGE_STANDARD = gnu11;
				GCC_NO_COMMON_BLOCKS = YES;
				GCC_WARN_64_TO_32_BIT_CONVERSION = YES;
				GCC_WARN_ABOUT_RETURN_TYPE = YES_ERROR;
				GCC_WARN_UNDECLARED_SELECTOR = YES;
				GCC_WARN_UNINITIALIZED_AUTOS = YES_AGGRESSIVE;
				GCC_WARN_UNUSED_FUNCTION = YES;
				GCC_WARN_UNUSED_VARIABLE = YES;
				IPHONEOS_DEPLOYMENT_TARGET = 13.2;
				MTL_ENABLE_DEBUG_INFO = NO;
				MTL_FAST_MATH = YES;
				SDKROOT = iphoneos;
				SWIFT_COMPILATION_MODE = wholemodule;
				SWIFT_OPTIMIZATION_LEVEL = "-O";
				VALIDATE_PRODUCT = YES;
			};
			name = Release;
		};
		1E41EC8A253252E8005FF665 /* Debug */ = {
			isa = XCBuildConfiguration;
			buildSettings = {
				ASSETCATALOG_COMPILER_APPICON_NAME = AppIcon;
				CODE_SIGN_STYLE = Automatic;
				INFOPLIST_FILE = tip/Info.plist;
				LD_RUNPATH_SEARCH_PATHS = (
					"$(inherited)",
					"@executable_path/Frameworks",
				);
				PRODUCT_BUNDLE_IDENTIFIER = Codepath.tip;
				PRODUCT_NAME = "$(TARGET_NAME)";
				SWIFT_VERSION = 5.0;
				TARGETED_DEVICE_FAMILY = "1,2";
			};
			name = Debug;
		};
		1E41EC8B253252E8005FF665 /* Release */ = {
			isa = XCBuildConfiguration;
			buildSettings = {
				ASSETCATALOG_COMPILER_APPICON_NAME = AppIcon;
				CODE_SIGN_STYLE = Automatic;
				INFOPLIST_FILE = tip/Info.plist;
				LD_RUNPATH_SEARCH_PATHS = (
					"$(inherited)",
					"@executable_path/Frameworks",
				);
				PRODUCT_BUNDLE_IDENTIFIER = Codepath.tip;
				PRODUCT_NAME = "$(TARGET_NAME)";
				SWIFT_VERSION = 5.0;
				TARGETED_DEVICE_FAMILY = "1,2";
			};
			name = Release;
		};
		1E41EC8D253252E8005FF665 /* Debug */ = {
			isa = XCBuildConfiguration;
			buildSettings = {
				ALWAYS_EMBED_SWIFT_STANDARD_LIBRARIES = YES;
				BUNDLE_LOADER = "$(TEST_HOST)";
				CODE_SIGN_STYLE = Automatic;
				INFOPLIST_FILE = tipTests/Info.plist;
				IPHONEOS_DEPLOYMENT_TARGET = 13.2;
				LD_RUNPATH_SEARCH_PATHS = (
					"$(inherited)",
					"@executable_path/Frameworks",
					"@loader_path/Frameworks",
				);
				PRODUCT_BUNDLE_IDENTIFIER = Codepath.tipTests;
				PRODUCT_NAME = "$(TARGET_NAME)";
				SWIFT_VERSION = 5.0;
				TARGETED_DEVICE_FAMILY = "1,2";
				TEST_HOST = "$(BUILT_PRODUCTS_DIR)/tip.app/tip";
			};
			name = Debug;
		};
		1E41EC8E253252E8005FF665 /* Release */ = {
			isa = XCBuildConfiguration;
			buildSettings = {
				ALWAYS_EMBED_SWIFT_STANDARD_LIBRARIES = YES;
				BUNDLE_LOADER = "$(TEST_HOST)";
				CODE_SIGN_STYLE = Automatic;
				INFOPLIST_FILE = tipTests/Info.plist;
				IPHONEOS_DEPLOYMENT_TARGET = 13.2;
				LD_RUNPATH_SEARCH_PATHS = (
					"$(inherited)",
					"@executable_path/Frameworks",
					"@loader_path/Frameworks",
				);
				PRODUCT_BUNDLE_IDENTIFIER = Codepath.tipTests;
				PRODUCT_NAME = "$(TARGET_NAME)";
				SWIFT_VERSION = 5.0;
				TARGETED_DEVICE_FAMILY = "1,2";
				TEST_HOST = "$(BUILT_PRODUCTS_DIR)/tip.app/tip";
			};
			name = Release;
		};
		1E41EC90253252E8005FF665 /* Debug */ = {
			isa = XCBuildConfiguration;
			buildSettings = {
				ALWAYS_EMBED_SWIFT_STANDARD_LIBRARIES = YES;
				CODE_SIGN_STYLE = Automatic;
				INFOPLIST_FILE = tipUITests/Info.plist;
				LD_RUNPATH_SEARCH_PATHS = (
					"$(inherited)",
					"@executable_path/Frameworks",
					"@loader_path/Frameworks",
				);
				PRODUCT_BUNDLE_IDENTIFIER = Codepath.tipUITests;
				PRODUCT_NAME = "$(TARGET_NAME)";
				SWIFT_VERSION = 5.0;
				TARGETED_DEVICE_FAMILY = "1,2";
				TEST_TARGET_NAME = tip;
			};
			name = Debug;
		};
		1E41EC91253252E8005FF665 /* Release */ = {
			isa = XCBuildConfiguration;
			buildSettings = {
				ALWAYS_EMBED_SWIFT_STANDARD_LIBRARIES = YES;
				CODE_SIGN_STYLE = Automatic;
				INFOPLIST_FILE = tipUITests/Info.plist;
				LD_RUNPATH_SEARCH_PATHS = (
					"$(inherited)",
					"@executable_path/Frameworks",
					"@loader_path/Frameworks",
				);
				PRODUCT_BUNDLE_IDENTIFIER = Codepath.tipUITests;
				PRODUCT_NAME = "$(TARGET_NAME)";
				SWIFT_VERSION = 5.0;
				TARGETED_DEVICE_FAMILY = "1,2";
				TEST_TARGET_NAME = tip;
			};
			name = Release;
		};
/* End XCBuildConfiguration section */

/* Begin XCConfigurationList section */
		1E41EC5A253252D8005FF665 /* Build configuration list for PBXProject "tip" */ = {
			isa = XCConfigurationList;
			buildConfigurations = (
				1E41EC87253252E8005FF665 /* Debug */,
				1E41EC88253252E8005FF665 /* Release */,
			);
			defaultConfigurationIsVisible = 0;
			defaultConfigurationName = Release;
		};
		1E41EC89253252E8005FF665 /* Build configuration list for PBXNativeTarget "tip" */ = {
			isa = XCConfigurationList;
			buildConfigurations = (
				1E41EC8A253252E8005FF665 /* Debug */,
				1E41EC8B253252E8005FF665 /* Release */,
			);
			defaultConfigurationIsVisible = 0;
			defaultConfigurationName = Release;
		};
		1E41EC8C253252E8005FF665 /* Build configuration list for PBXNativeTarget "tipTests" */ = {
			isa = XCConfigurationList;
			buildConfigurations = (
				1E41EC8D253252E8005FF665 /* Debug */,
				1E41EC8E253252E8005FF665 /* Release */,
			);
			defaultConfigurationIsVisible = 0;
			defaultConfigurationName = Release;
		};
		1E41EC8F253252E8005FF665 /* Build configuration list for PBXNativeTarget "tipUITests" */ = {
			isa = XCConfigurationList;
			buildConfigurations = (
				1E41EC90253252E8005FF665 /* Debug */,
				1E41EC91253252E8005FF665 /* Release */,
			);
			defaultConfigurationIsVisible = 0;
			defaultConfigurationName = Release;
		};
/* End XCConfigurationList section */
	};
	rootObject = 1E41EC57253252D8005FF665 /* Project object */;
}
